// !$*UTF8*$!
{
	archiveVersion = 1;
	classes = {
	};
	objectVersion = 56;
	objects = {

/* Begin PBXBuildFile section */
		158D210E32EDBB6B806DA1E2 /* Pods_Dino.framework in Frameworks */ = {isa = PBXBuildFile; fileRef = FE8AE02973D213E4C76CEA04 /* Pods_Dino.framework */; };
		E213014E28E997430071EC65 /* DataManager.swift in Sources */ = {isa = PBXBuildFile; fileRef = E213014D28E997430071EC65 /* DataManager.swift */; };
		E22C3A0828EC474B008F8225 /* SettingsViewController.swift in Sources */ = {isa = PBXBuildFile; fileRef = E22C3A0728EC474B008F8225 /* SettingsViewController.swift */; };
		E294DCAE28ECB93900C2D82C /* Gaming.mp3 in Resources */ = {isa = PBXBuildFile; fileRef = E294DCAC28ECB93800C2D82C /* Gaming.mp3 */; };
		E294DCAF28ECB93900C2D82C /* Music500.mp3 in Resources */ = {isa = PBXBuildFile; fileRef = E294DCAD28ECB93900C2D82C /* Music500.mp3 */; };
		E2B75E9628E5DC1B008A865D /* AppDelegate.swift in Sources */ = {isa = PBXBuildFile; fileRef = E2B75E9528E5DC1B008A865D /* AppDelegate.swift */; };
		E2B75E9828E5DC1B008A865D /* GameScene.sks in Resources */ = {isa = PBXBuildFile; fileRef = E2B75E9728E5DC1B008A865D /* GameScene.sks */; };
		E2B75E9A28E5DC1B008A865D /* Actions.sks in Resources */ = {isa = PBXBuildFile; fileRef = E2B75E9928E5DC1B008A865D /* Actions.sks */; };
		E2B75E9C28E5DC1B008A865D /* GameScene.swift in Sources */ = {isa = PBXBuildFile; fileRef = E2B75E9B28E5DC1B008A865D /* GameScene.swift */; };
		E2B75E9E28E5DC1B008A865D /* GameViewController.swift in Sources */ = {isa = PBXBuildFile; fileRef = E2B75E9D28E5DC1B008A865D /* GameViewController.swift */; };
		E2B75EA128E5DC1B008A865D /* Main.storyboard in Resources */ = {isa = PBXBuildFile; fileRef = E2B75E9F28E5DC1B008A865D /* Main.storyboard */; };
		E2B75EA328E5DC1D008A865D /* Assets.xcassets in Resources */ = {isa = PBXBuildFile; fileRef = E2B75EA228E5DC1D008A865D /* Assets.xcassets */; };
		E2B75EA628E5DC1D008A865D /* LaunchScreen.storyboard in Resources */ = {isa = PBXBuildFile; fileRef = E2B75EA428E5DC1D008A865D /* LaunchScreen.storyboard */; };
		E2BF77D128E8131500802A78 /* GameSceneViewModel.swift in Sources */ = {isa = PBXBuildFile; fileRef = E2BF77D028E8131500802A78 /* GameSceneViewModel.swift */; };
		E2BF77D328E8149B00802A78 /* MoveEnvironmentModel.swift in Sources */ = {isa = PBXBuildFile; fileRef = E2BF77D228E8149B00802A78 /* MoveEnvironmentModel.swift */; };
		E2BF77D728E81D5700802A78 /* Toriko.ttf in Resources */ = {isa = PBXBuildFile; fileRef = E2BF77D628E81D5700802A78 /* Toriko.ttf */; };
/* End PBXBuildFile section */

/* Begin PBXCopyFilesBuildPhase section */
		E28FEC5F28EDA30100F42051 /* Embed Frameworks */ = {
			isa = PBXCopyFilesBuildPhase;
			buildActionMask = 2147483647;
			dstPath = "";
			dstSubfolderSpec = 10;
			files = (
			);
			name = "Embed Frameworks";
			runOnlyForDeploymentPostprocessing = 0;
		};
/* End PBXCopyFilesBuildPhase section */

/* Begin PBXFileReference section */
		06762074545910E551E15BBF /* Pods-Dino.debug.xcconfig */ = {isa = PBXFileReference; includeInIndex = 1; lastKnownFileType = text.xcconfig; name = "Pods-Dino.debug.xcconfig"; path = "Target Support Files/Pods-Dino/Pods-Dino.debug.xcconfig"; sourceTree = "<group>"; };
		8BE5DFED855231BF363ED25A /* Pods-Dino.release.xcconfig */ = {isa = PBXFileReference; includeInIndex = 1; lastKnownFileType = text.xcconfig; name = "Pods-Dino.release.xcconfig"; path = "Target Support Files/Pods-Dino/Pods-Dino.release.xcconfig"; sourceTree = "<group>"; };
		E213014D28E997430071EC65 /* DataManager.swift */ = {isa = PBXFileReference; lastKnownFileType = sourcecode.swift; path = DataManager.swift; sourceTree = "<group>"; };
		E22C3A0728EC474B008F8225 /* SettingsViewController.swift */ = {isa = PBXFileReference; lastKnownFileType = sourcecode.swift; path = SettingsViewController.swift; sourceTree = "<group>"; };
		E236D11728E81FAA0043DA71 /* Info.plist */ = {isa = PBXFileReference; lastKnownFileType = text.plist.xml; path = Info.plist; sourceTree = "<group>"; };
		E294DCAC28ECB93800C2D82C /* Gaming.mp3 */ = {isa = PBXFileReference; lastKnownFileType = audio.mp3; path = Gaming.mp3; sourceTree = "<group>"; };
		E294DCAD28ECB93900C2D82C /* Music500.mp3 */ = {isa = PBXFileReference; lastKnownFileType = audio.mp3; path = Music500.mp3; sourceTree = "<group>"; };
		E2B75E9228E5DC1B008A865D /* Dino.app */ = {isa = PBXFileReference; explicitFileType = wrapper.application; includeInIndex = 0; path = Dino.app; sourceTree = BUILT_PRODUCTS_DIR; };
		E2B75E9528E5DC1B008A865D /* AppDelegate.swift */ = {isa = PBXFileReference; lastKnownFileType = sourcecode.swift; path = AppDelegate.swift; sourceTree = "<group>"; };
		E2B75E9728E5DC1B008A865D /* GameScene.sks */ = {isa = PBXFileReference; lastKnownFileType = file.sks; path = GameScene.sks; sourceTree = "<group>"; };
		E2B75E9928E5DC1B008A865D /* Actions.sks */ = {isa = PBXFileReference; lastKnownFileType = file.sks; path = Actions.sks; sourceTree = "<group>"; };
		E2B75E9B28E5DC1B008A865D /* GameScene.swift */ = {isa = PBXFileReference; lastKnownFileType = sourcecode.swift; path = GameScene.swift; sourceTree = "<group>"; };
		E2B75E9D28E5DC1B008A865D /* GameViewController.swift */ = {isa = PBXFileReference; lastKnownFileType = sourcecode.swift; path = GameViewController.swift; sourceTree = "<group>"; };
		E2B75EA028E5DC1B008A865D /* Base */ = {isa = PBXFileReference; lastKnownFileType = file.storyboard; name = Base; path = Base.lproj/Main.storyboard; sourceTree = "<group>"; };
		E2B75EA228E5DC1D008A865D /* Assets.xcassets */ = {isa = PBXFileReference; lastKnownFileType = folder.assetcatalog; path = Assets.xcassets; sourceTree = "<group>"; };
		E2B75EA528E5DC1D008A865D /* Base */ = {isa = PBXFileReference; lastKnownFileType = file.storyboard; name = Base; path = Base.lproj/LaunchScreen.storyboard; sourceTree = "<group>"; };
		E2BF77D028E8131500802A78 /* GameSceneViewModel.swift */ = {isa = PBXFileReference; lastKnownFileType = sourcecode.swift; path = GameSceneViewModel.swift; sourceTree = "<group>"; };
		E2BF77D228E8149B00802A78 /* MoveEnvironmentModel.swift */ = {isa = PBXFileReference; lastKnownFileType = sourcecode.swift; path = MoveEnvironmentModel.swift; sourceTree = "<group>"; };
		E2BF77D628E81D5700802A78 /* Toriko.ttf */ = {isa = PBXFileReference; lastKnownFileType = file; path = Toriko.ttf; sourceTree = "<group>"; };
		FE8AE02973D213E4C76CEA04 /* Pods_Dino.framework */ = {isa = PBXFileReference; explicitFileType = wrapper.framework; includeInIndex = 0; path = Pods_Dino.framework; sourceTree = BUILT_PRODUCTS_DIR; };
/* End PBXFileReference section */

/* Begin PBXFrameworksBuildPhase section */
		E2B75E8F28E5DC1B008A865D /* Frameworks */ = {
			isa = PBXFrameworksBuildPhase;
			buildActionMask = 2147483647;
			files = (
				158D210E32EDBB6B806DA1E2 /* Pods_Dino.framework in Frameworks */,
			);
			runOnlyForDeploymentPostprocessing = 0;
		};
/* End PBXFrameworksBuildPhase section */

/* Begin PBXGroup section */
		1535D572A49A39D8061C4619 /* Pods */ = {
			isa = PBXGroup;
			children = (
				06762074545910E551E15BBF /* Pods-Dino.debug.xcconfig */,
				8BE5DFED855231BF363ED25A /* Pods-Dino.release.xcconfig */,
			);
			path = Pods;
			sourceTree = "<group>";
		};
		72FD2565689568F2E9001160 /* Frameworks */ = {
			isa = PBXGroup;
			children = (
				FE8AE02973D213E4C76CEA04 /* Pods_Dino.framework */,
			);
			name = Frameworks;
			sourceTree = "<group>";
		};
		E213014C28E997110071EC65 /* Services */ = {
			isa = PBXGroup;
			children = (
				E213014D28E997430071EC65 /* DataManager.swift */,
			);
			path = Services;
			sourceTree = "<group>";
		};
		E236D11A28E828850043DA71 /* Resources */ = {
			isa = PBXGroup;
			children = (
				E2B75EA228E5DC1D008A865D /* Assets.xcassets */,
				E2BF77D628E81D5700802A78 /* Toriko.ttf */,
			);
			path = Resources;
			sourceTree = "<group>";
		};
		E236D11B28E8288E0043DA71 /* StoryBoards */ = {
			isa = PBXGroup;
			children = (
				E2B75E9F28E5DC1B008A865D /* Main.storyboard */,
				E2B75EA428E5DC1D008A865D /* LaunchScreen.storyboard */,
			);
			path = StoryBoards;
			sourceTree = "<group>";
		};
		E236D11C28E828A40043DA71 /* Models */ = {
			isa = PBXGroup;
			children = (
				E2BF77D228E8149B00802A78 /* MoveEnvironmentModel.swift */,
			);
			path = Models;
			sourceTree = "<group>";
		};
		E236D11D28E828BC0043DA71 /* GameScene */ = {
			isa = PBXGroup;
			children = (
				E2B75E9B28E5DC1B008A865D /* GameScene.swift */,
				E2BF77D028E8131500802A78 /* GameSceneViewModel.swift */,
			);
			path = GameScene;
			sourceTree = "<group>";
		};
		E236D11E28E828EB0043DA71 /* SpriteKit */ = {
			isa = PBXGroup;
			children = (
				E2B75E9728E5DC1B008A865D /* GameScene.sks */,
				E2B75E9928E5DC1B008A865D /* Actions.sks */,
			);
			path = SpriteKit;
			sourceTree = "<group>";
		};
		E236D11F28E828F60043DA71 /* Application */ = {
			isa = PBXGroup;
			children = (
				E236D11728E81FAA0043DA71 /* Info.plist */,
				E2B75E9528E5DC1B008A865D /* AppDelegate.swift */,
			);
			path = Application;
			sourceTree = "<group>";
		};
		E236D12028E829140043DA71 /* ViewControllers */ = {
			isa = PBXGroup;
			children = (
				E2B75E9D28E5DC1B008A865D /* GameViewController.swift */,
				E22C3A0728EC474B008F8225 /* SettingsViewController.swift */,
			);
			path = ViewControllers;
			sourceTree = "<group>";
		};
		E28E749128ECAF0E00852842 /* Music */ = {
			isa = PBXGroup;
			children = (
				E294DCAC28ECB93800C2D82C /* Gaming.mp3 */,
				E294DCAD28ECB93900C2D82C /* Music500.mp3 */,
			);
			path = Music;
			sourceTree = "<group>";
		};
		E2B75E8928E5DC1B008A865D = {
			isa = PBXGroup;
			children = (
				E2B75E9428E5DC1B008A865D /* Dino */,
				E2B75E9328E5DC1B008A865D /* Products */,
				1535D572A49A39D8061C4619 /* Pods */,
				72FD2565689568F2E9001160 /* Frameworks */,
			);
			sourceTree = "<group>";
		};
		E2B75E9328E5DC1B008A865D /* Products */ = {
			isa = PBXGroup;
			children = (
				E2B75E9228E5DC1B008A865D /* Dino.app */,
			);
			name = Products;
			sourceTree = "<group>";
		};
		E2B75E9428E5DC1B008A865D /* Dino */ = {
			isa = PBXGroup;
			children = (
				E236D11E28E828EB0043DA71 /* SpriteKit */,
				E236D11D28E828BC0043DA71 /* GameScene */,
				E236D12028E829140043DA71 /* ViewControllers */,
				E236D11C28E828A40043DA71 /* Models */,
				E236D11B28E8288E0043DA71 /* StoryBoards */,
				E236D11A28E828850043DA71 /* Resources */,
				E213014C28E997110071EC65 /* Services */,
				E236D11F28E828F60043DA71 /* Application */,
				E28E749128ECAF0E00852842 /* Music */,
			);
			path = Dino;
			sourceTree = "<group>";
		};
/* End PBXGroup section */

/* Begin PBXNativeTarget section */
		E2B75E9128E5DC1B008A865D /* Dino */ = {
			isa = PBXNativeTarget;
			buildConfigurationList = E2B75EA928E5DC1D008A865D /* Build configuration list for PBXNativeTarget "Dino" */;
			buildPhases = (
				C1C9266B2BBD9249FD35B4FE /* [CP] Check Pods Manifest.lock */,
				E2B75E8E28E5DC1B008A865D /* Sources */,
				E2B75E8F28E5DC1B008A865D /* Frameworks */,
				E2B75E9028E5DC1B008A865D /* Resources */,
				E28FEC5F28EDA30100F42051 /* Embed Frameworks */,
				0266C9D9D88295535C4C184E /* [CP] Embed Pods Frameworks */,
			);
			buildRules = (
			);
			dependencies = (
			);
			name = Dino;
			productName = Dino;
			productReference = E2B75E9228E5DC1B008A865D /* Dino.app */;
			productType = "com.apple.product-type.application";
		};
/* End PBXNativeTarget section */

/* Begin PBXProject section */
		E2B75E8A28E5DC1B008A865D /* Project object */ = {
			isa = PBXProject;
			attributes = {
				BuildIndependentTargetsInParallel = 1;
				LastSwiftUpdateCheck = 1400;
				LastUpgradeCheck = 1400;
				TargetAttributes = {
					E2B75E9128E5DC1B008A865D = {
						CreatedOnToolsVersion = 14.0;
					};
				};
			};
			buildConfigurationList = E2B75E8D28E5DC1B008A865D /* Build configuration list for PBXProject "Dino" */;
			compatibilityVersion = "Xcode 14.0";
			developmentRegion = en;
			hasScannedForEncodings = 0;
			knownRegions = (
				en,
				Base,
			);
			mainGroup = E2B75E8928E5DC1B008A865D;
			productRefGroup = E2B75E9328E5DC1B008A865D /* Products */;
			projectDirPath = "";
			projectRoot = "";
			targets = (
				E2B75E9128E5DC1B008A865D /* Dino */,
			);
		};
/* End PBXProject section */

/* Begin PBXResourcesBuildPhase section */
		E2B75E9028E5DC1B008A865D /* Resources */ = {
			isa = PBXResourcesBuildPhase;
			buildActionMask = 2147483647;
			files = (
				E294DCAF28ECB93900C2D82C /* Music500.mp3 in Resources */,
				E2BF77D728E81D5700802A78 /* Toriko.ttf in Resources */,
				E2B75EA128E5DC1B008A865D /* Main.storyboard in Resources */,
				E294DCAE28ECB93900C2D82C /* Gaming.mp3 in Resources */,
				E2B75E9828E5DC1B008A865D /* GameScene.sks in Resources */,
				E2B75EA328E5DC1D008A865D /* Assets.xcassets in Resources */,
				E2B75EA628E5DC1D008A865D /* LaunchScreen.storyboard in Resources */,
				E2B75E9A28E5DC1B008A865D /* Actions.sks in Resources */,
			);
			runOnlyForDeploymentPostprocessing = 0;
		};
/* End PBXResourcesBuildPhase section */

/* Begin PBXShellScriptBuildPhase section */
		0266C9D9D88295535C4C184E /* [CP] Embed Pods Frameworks */ = {
			isa = PBXShellScriptBuildPhase;
			buildActionMask = 2147483647;
			files = (
			);
			inputFileListPaths = (
				"${PODS_ROOT}/Target Support Files/Pods-Dino/Pods-Dino-frameworks-${CONFIGURATION}-input-files.xcfilelist",
			);
			name = "[CP] Embed Pods Frameworks";
			outputFileListPaths = (
				"${PODS_ROOT}/Target Support Files/Pods-Dino/Pods-Dino-frameworks-${CONFIGURATION}-output-files.xcfilelist",
			);
			runOnlyForDeploymentPostprocessing = 0;
			shellPath = /bin/sh;
			shellScript = "\"${PODS_ROOT}/Target Support Files/Pods-Dino/Pods-Dino-frameworks.sh\"\n";
			showEnvVarsInLog = 0;
		};
		C1C9266B2BBD9249FD35B4FE /* [CP] Check Pods Manifest.lock */ = {
			isa = PBXShellScriptBuildPhase;
			buildActionMask = 2147483647;
			files = (
			);
			inputFileListPaths = (
			);
			inputPaths = (
				"${PODS_PODFILE_DIR_PATH}/Podfile.lock",
				"${PODS_ROOT}/Manifest.lock",
			);
			name = "[CP] Check Pods Manifest.lock";
			outputFileListPaths = (
			);
			outputPaths = (
				"$(DERIVED_FILE_DIR)/Pods-Dino-checkManifestLockResult.txt",
			);
			runOnlyForDeploymentPostprocessing = 0;
			shellPath = /bin/sh;
			shellScript = "diff \"${PODS_PODFILE_DIR_PATH}/Podfile.lock\" \"${PODS_ROOT}/Manifest.lock\" > /dev/null\nif [ $? != 0 ] ; then\n    # print error to STDERR\n    echo \"error: The sandbox is not in sync with the Podfile.lock. Run 'pod install' or update your CocoaPods installation.\" >&2\n    exit 1\nfi\n# This output is used by Xcode 'outputs' to avoid re-running this script phase.\necho \"SUCCESS\" > \"${SCRIPT_OUTPUT_FILE_0}\"\n";
			showEnvVarsInLog = 0;
		};
/* End PBXShellScriptBuildPhase section */

/* Begin PBXSourcesBuildPhase section */
		E2B75E8E28E5DC1B008A865D /* Sources */ = {
			isa = PBXSourcesBuildPhase;
			buildActionMask = 2147483647;
			files = (
				E2BF77D128E8131500802A78 /* GameSceneViewModel.swift in Sources */,
				E213014E28E997430071EC65 /* DataManager.swift in Sources */,
				E22C3A0828EC474B008F8225 /* SettingsViewController.swift in Sources */,
				E2B75E9C28E5DC1B008A865D /* GameScene.swift in Sources */,
				E2B75E9E28E5DC1B008A865D /* GameViewController.swift in Sources */,
				E2BF77D328E8149B00802A78 /* MoveEnvironmentModel.swift in Sources */,
				E2B75E9628E5DC1B008A865D /* AppDelegate.swift in Sources */,
			);
			runOnlyForDeploymentPostprocessing = 0;
		};
/* End PBXSourcesBuildPhase section */

/* Begin PBXVariantGroup section */
		E2B75E9F28E5DC1B008A865D /* Main.storyboard */ = {
			isa = PBXVariantGroup;
			children = (
				E2B75EA028E5DC1B008A865D /* Base */,
			);
			name = Main.storyboard;
			sourceTree = "<group>";
		};
		E2B75EA428E5DC1D008A865D /* LaunchScreen.storyboard */ = {
			isa = PBXVariantGroup;
			children = (
				E2B75EA528E5DC1D008A865D /* Base */,
			);
			name = LaunchScreen.storyboard;
			sourceTree = "<group>";
		};
/* End PBXVariantGroup section */

/* Begin XCBuildConfiguration section */
		E2B75EA728E5DC1D008A865D /* Debug */ = {
			isa = XCBuildConfiguration;
			buildSettings = {
				ALWAYS_SEARCH_USER_PATHS = NO;
				CLANG_ANALYZER_NONNULL = YES;
				CLANG_ANALYZER_NUMBER_OBJECT_CONVERSION = YES_AGGRESSIVE;
				CLANG_CXX_LANGUAGE_STANDARD = "gnu++20";
				CLANG_ENABLE_MODULES = YES;
				CLANG_ENABLE_OBJC_ARC = YES;
				CLANG_ENABLE_OBJC_WEAK = YES;
				CLANG_WARN_BLOCK_CAPTURE_AUTORELEASING = YES;
				CLANG_WARN_BOOL_CONVERSION = YES;
				CLANG_WARN_COMMA = YES;
				CLANG_WARN_CONSTANT_CONVERSION = YES;
				CLANG_WARN_DEPRECATED_OBJC_IMPLEMENTATIONS = YES;
				CLANG_WARN_DIRECT_OBJC_ISA_USAGE = YES_ERROR;
				CLANG_WARN_DOCUMENTATION_COMMENTS = YES;
				CLANG_WARN_EMPTY_BODY = YES;
				CLANG_WARN_ENUM_CONVERSION = YES;
				CLANG_WARN_INFINITE_RECURSION = YES;
				CLANG_WARN_INT_CONVERSION = YES;
				CLANG_WARN_NON_LITERAL_NULL_CONVERSION = YES;
				CLANG_WARN_OBJC_IMPLICIT_RETAIN_SELF = YES;
				CLANG_WARN_OBJC_LITERAL_CONVERSION = YES;
				CLANG_WARN_OBJC_ROOT_CLASS = YES_ERROR;
				CLANG_WARN_QUOTED_INCLUDE_IN_FRAMEWORK_HEADER = YES;
				CLANG_WARN_RANGE_LOOP_ANALYSIS = YES;
				CLANG_WARN_STRICT_PROTOTYPES = YES;
				CLANG_WARN_SUSPICIOUS_MOVE = YES;
				CLANG_WARN_UNGUARDED_AVAILABILITY = YES_AGGRESSIVE;
				CLANG_WARN_UNREACHABLE_CODE = YES;
				CLANG_WARN__DUPLICATE_METHOD_MATCH = YES;
				COPY_PHASE_STRIP = NO;
				DEBUG_INFORMATION_FORMAT = dwarf;
				ENABLE_STRICT_OBJC_MSGSEND = YES;
				ENABLE_TESTABILITY = YES;
				GCC_C_LANGUAGE_STANDARD = gnu11;
				GCC_DYNAMIC_NO_PIC = NO;
				GCC_NO_COMMON_BLOCKS = YES;
				GCC_OPTIMIZATION_LEVEL = 0;
				GCC_PREPROCESSOR_DEFINITIONS = (
					"DEBUG=1",
					"$(inherited)",
				);
				GCC_WARN_64_TO_32_BIT_CONVERSION = YES;
				GCC_WARN_ABOUT_RETURN_TYPE = YES_ERROR;
				GCC_WARN_UNDECLARED_SELECTOR = YES;
				GCC_WARN_UNINITIALIZED_AUTOS = YES_AGGRESSIVE;
				GCC_WARN_UNUSED_FUNCTION = YES;
				GCC_WARN_UNUSED_VARIABLE = YES;
				GENERATE_INFOPLIST_FILE = NO;
				INFOPLIST_FILE = "";
				INFOPLIST_KEY_UILaunchStoryboardName = "";
				IPHONEOS_DEPLOYMENT_TARGET = 13.0;
				MTL_ENABLE_DEBUG_INFO = INCLUDE_SOURCE;
				MTL_FAST_MATH = YES;
				ONLY_ACTIVE_ARCH = YES;
				SDKROOT = iphoneos;
				SWIFT_ACTIVE_COMPILATION_CONDITIONS = DEBUG;
				SWIFT_COMPILATION_MODE = wholemodule;
				SWIFT_OPTIMIZATION_LEVEL = "-Onone";
			};
			name = Debug;
		};
		E2B75EA828E5DC1D008A865D /* Release */ = {
			isa = XCBuildConfiguration;
			buildSettings = {
				ALWAYS_SEARCH_USER_PATHS = NO;
				CLANG_ANALYZER_NONNULL = YES;
				CLANG_ANALYZER_NUMBER_OBJECT_CONVERSION = YES_AGGRESSIVE;
				CLANG_CXX_LANGUAGE_STANDARD = "gnu++20";
				CLANG_ENABLE_MODULES = YES;
				CLANG_ENABLE_OBJC_ARC = YES;
				CLANG_ENABLE_OBJC_WEAK = YES;
				CLANG_WARN_BLOCK_CAPTURE_AUTORELEASING = YES;
				CLANG_WARN_BOOL_CONVERSION = YES;
				CLANG_WARN_COMMA = YES;
				CLANG_WARN_CONSTANT_CONVERSION = YES;
				CLANG_WARN_DEPRECATED_OBJC_IMPLEMENTATIONS = YES;
				CLANG_WARN_DIRECT_OBJC_ISA_USAGE = YES_ERROR;
				CLANG_WARN_DOCUMENTATION_COMMENTS = YES;
				CLANG_WARN_EMPTY_BODY = YES;
				CLANG_WARN_ENUM_CONVERSION = YES;
				CLANG_WARN_INFINITE_RECURSION = YES;
				CLANG_WARN_INT_CONVERSION = YES;
				CLANG_WARN_NON_LITERAL_NULL_CONVERSION = YES;
				CLANG_WARN_OBJC_IMPLICIT_RETAIN_SELF = YES;
				CLANG_WARN_OBJC_LITERAL_CONVERSION = YES;
				CLANG_WARN_OBJC_ROOT_CLASS = YES_ERROR;
				CLANG_WARN_QUOTED_INCLUDE_IN_FRAMEWORK_HEADER = YES;
				CLANG_WARN_RANGE_LOOP_ANALYSIS = YES;
				CLANG_WARN_STRICT_PROTOTYPES = YES;
				CLANG_WARN_SUSPICIOUS_MOVE = YES;
				CLANG_WARN_UNGUARDED_AVAILABILITY = YES_AGGRESSIVE;
				CLANG_WARN_UNREACHABLE_CODE = YES;
				CLANG_WARN__DUPLICATE_METHOD_MATCH = YES;
				COPY_PHASE_STRIP = NO;
				DEBUG_INFORMATION_FORMAT = "dwarf-with-dsym";
				ENABLE_NS_ASSERTIONS = NO;
				ENABLE_STRICT_OBJC_MSGSEND = YES;
				GCC_C_LANGUAGE_STANDARD = gnu11;
				GCC_NO_COMMON_BLOCKS = YES;
				GCC_WARN_64_TO_32_BIT_CONVERSION = YES;
				GCC_WARN_ABOUT_RETURN_TYPE = YES_ERROR;
				GCC_WARN_UNDECLARED_SELECTOR = YES;
				GCC_WARN_UNINITIALIZED_AUTOS = YES_AGGRESSIVE;
				GCC_WARN_UNUSED_FUNCTION = YES;
				GCC_WARN_UNUSED_VARIABLE = YES;
				GENERATE_INFOPLIST_FILE = NO;
				INFOPLIST_FILE = "";
				INFOPLIST_KEY_UILaunchStoryboardName = "";
				IPHONEOS_DEPLOYMENT_TARGET = 13.0;
				MTL_ENABLE_DEBUG_INFO = NO;
				MTL_FAST_MATH = YES;
				SDKROOT = iphoneos;
				SWIFT_COMPILATION_MODE = wholemodule;
				SWIFT_OPTIMIZATION_LEVEL = "-O";
				VALIDATE_PRODUCT = YES;
			};
			name = Release;
		};
		E2B75EAA28E5DC1D008A865D /* Debug */ = {
			isa = XCBuildConfiguration;
			baseConfigurationReference = 06762074545910E551E15BBF /* Pods-Dino.debug.xcconfig */;
			buildSettings = {
				ASSETCATALOG_COMPILER_APPICON_NAME = AppIcon;
				ASSETCATALOG_COMPILER_GLOBAL_ACCENT_COLOR_NAME = AccentColor;
				ASSETCATALOG_COMPILER_INCLUDE_ALL_APPICON_ASSETS = NO;
				CODE_SIGN_STYLE = Automatic;
				CURRENT_PROJECT_VERSION = 1;
				DEVELOPMENT_TEAM = BYFTVC42WF;
				GENERATE_INFOPLIST_FILE = YES;
				INFOPLIST_FILE = Dino/Application/Info.plist;
				INFOPLIST_KEY_UIApplicationSupportsIndirectInputEvents = YES;
				INFOPLIST_KEY_UILaunchStoryboardName = LaunchScreen;
				INFOPLIST_KEY_UIMainStoryboardFile = Main;
				INFOPLIST_KEY_UIStatusBarHidden = YES;
				INFOPLIST_KEY_UISupportedInterfaceOrientations = "UIInterfaceOrientationLandscapeLeft UIInterfaceOrientationLandscapeRight UIInterfaceOrientationPortrait UIInterfaceOrientationPortraitUpsideDown";
				LD_RUNPATH_SEARCH_PATHS = (
					"$(inherited)",
					"@executable_path/Frameworks",
				);
				MARKETING_VERSION = 1.0;
				PRODUCT_BUNDLE_IDENTIFIER = BrinyPiny.Dino;
				PRODUCT_NAME = "$(TARGET_NAME)";
				SWIFT_EMIT_LOC_STRINGS = YES;
				SWIFT_VERSION = 5.0;
				TARGETED_DEVICE_FAMILY = "1,2";
			};
			name = Debug;
		};
		E2B75EAB28E5DC1D008A865D /* Release */ = {
			isa = XCBuildConfiguration;
			baseConfigurationReference = 8BE5DFED855231BF363ED25A /* Pods-Dino.release.xcconfig */;
			buildSettings = {
				ASSETCATALOG_COMPILER_APPICON_NAME = AppIcon;
				ASSETCATALOG_COMPILER_GLOBAL_ACCENT_COLOR_NAME = AccentColor;
				ASSETCATALOG_COMPILER_INCLUDE_ALL_APPICON_ASSETS = NO;
				CODE_SIGN_STYLE = Automatic;
				CURRENT_PROJECT_VERSION = 1;
				DEVELOPMENT_TEAM = BYFTVC42WF;
				GENERATE_INFOPLIST_FILE = YES;
				INFOPLIST_FILE = Dino/Application/Info.plist;
				INFOPLIST_KEY_UIApplicationSupportsIndirectInputEvents = YES;
				INFOPLIST_KEY_UILaunchStoryboardName = LaunchScreen;
				INFOPLIST_KEY_UIMainStoryboardFile = Main;
				INFOPLIST_KEY_UIStatusBarHidden = YES;
				INFOPLIST_KEY_UISupportedInterfaceOrientations = "UIInterfaceOrientationLandscapeLeft UIInterfaceOrientationLandscapeRight UIInterfaceOrientationPortrait UIInterfaceOrientationPortraitUpsideDown";
				LD_RUNPATH_SEARCH_PATHS = (
					"$(inherited)",
					"@executable_path/Frameworks",
				);
				MARKETING_VERSION = 1.0;
				PRODUCT_BUNDLE_IDENTIFIER = BrinyPiny.Dino;
				PRODUCT_NAME = "$(TARGET_NAME)";
				SWIFT_EMIT_LOC_STRINGS = YES;
				SWIFT_VERSION = 5.0;
				TARGETED_DEVICE_FAMILY = "1,2";
			};
			name = Release;
		};
/* End XCBuildConfiguration section */

/* Begin XCConfigurationList section */
		E2B75E8D28E5DC1B008A865D /* Build configuration list for PBXProject "Dino" */ = {
			isa = XCConfigurationList;
			buildConfigurations = (
				E2B75EA728E5DC1D008A865D /* Debug */,
				E2B75EA828E5DC1D008A865D /* Release */,
			);
			defaultConfigurationIsVisible = 0;
			defaultConfigurationName = Release;
		};
		E2B75EA928E5DC1D008A865D /* Build configuration list for PBXNativeTarget "Dino" */ = {
			isa = XCConfigurationList;
			buildConfigurations = (
				E2B75EAA28E5DC1D008A865D /* Debug */,
				E2B75EAB28E5DC1D008A865D /* Release */,
			);
			defaultConfigurationIsVisible = 0;
			defaultConfigurationName = Release;
		};
/* End XCConfigurationList section */
	};
	rootObject = E2B75E8A28E5DC1B008A865D /* Project object */;
}
